
Microsoft Visual Studio Solution File, Format Version 12.00
# Visual Studio Version 17
VisualStudioVersion = 17.3.32825.248
MinimumVisualStudioVersion = 10.0.40219.1
Project("{FAE04EC0-301F-11D3-BF4B-00C04F79EFBC}") = "ClassWork ot 17.09.22", "ClassWork ot 17.09.22\ClassWork ot 17.09.22.csproj", "{9820C4FB-942A-4640-9108-8827C5322CB2}"
EndProject
Global
	GlobalSection(SolutionConfigurationPlatforms) = preSolution
		Debug|Any CPU = Debug|Any CPU
		Release|Any CPU = Release|Any CPU
	EndGlobalSection
	GlobalSection(ProjectConfigurationPlatforms) = postSolution
		{9820C4FB-942A-4640-9108-8827C5322CB2}.Debug|Any CPU.ActiveCfg = Debug|Any CPU
		{9820C4FB-942A-4640-9108-8827C5322CB2}.Debug|Any CPU.Build.0 = Debug|Any CPU
		{9820C4FB-942A-4640-9108-8827C5322CB2}.Release|Any CPU.ActiveCfg = Release|Any CPU
		{9820C4FB-942A-4640-9108-8827C5322CB2}.Release|Any CPU.Build.0 = Release|Any CPU
	EndGlobalSection
	GlobalSection(SolutionProperties) = preSolution
		HideSolutionNode = FALSE
	EndGlobalSection
	GlobalSection(ExtensibilityGlobals) = postSolution
		SolutionGuid = {04EC28FE-A875-4C00-9D6E-C37A55C52DCA}
	EndGlobalSection
EndGlobal
